
Microsoft Visual Studio Solution File, Format Version 12.00
# Visual Studio Version 17
VisualStudioVersion = 17.13.35806.99 d17.13
MinimumVisualStudioVersion = 10.0.40219.1
Project("{FAE04EC0-301F-11D3-BF4B-00C04F79EFBC}") = "AnimeGameSite", "AnimeGameSite.csproj", "{2FC40D7D-9024-BDB0-BE37-DC9B66FD0CA9}"
EndProject
Global
	GlobalSection(SolutionConfigurationPlatforms) = preSolution
		Debug|Any CPU = Debug|Any CPU
		Release|Any CPU = Release|Any CPU
	EndGlobalSection
	GlobalSection(ProjectConfigurationPlatforms) = postSolution
		{2FC40D7D-9024-BDB0-BE37-DC9B66FD0CA9}.Debug|Any CPU.ActiveCfg = Debug|Any CPU
		{2FC40D7D-9024-BDB0-BE37-DC9B66FD0CA9}.Debug|Any CPU.Build.0 = Debug|Any CPU
		{2FC40D7D-9024-BDB0-BE37-DC9B66FD0CA9}.Release|Any CPU.ActiveCfg = Release|Any CPU
		{2FC40D7D-9024-BDB0-BE37-DC9B66FD0CA9}.Release|Any CPU.Build.0 = Release|Any CPU
	EndGlobalSection
	GlobalSection(SolutionProperties) = preSolution
		HideSolutionNode = FALSE
	EndGlobalSection
	GlobalSection(ExtensibilityGlobals) = postSolution
		SolutionGuid = {98F9D5F4-1FCC-4CED-AEA0-30D28C79AD48}
	EndGlobalSection
EndGlobal
